
Microsoft Visual Studio Solution File, Format Version 12.00
# Visual Studio Version 17
VisualStudioVersion = 17.7.34031.279
MinimumVisualStudioVersion = 10.0.40219.1
Project("{8BC9CEB8-8B4A-11D0-8D11-00A0C91BC942}") = "DGameEditor", "DGameEditor\DGameEditor.vcxproj", "{B2D581F1-9247-41ED-9E9D-45E770A5A52F}"
EndProject
Project("{8BC9CEB8-8B4A-11D0-8D11-00A0C91BC942}") = "DGameEngine", "DGameEngine\DGameEngine.vcxproj", "{105785DE-7F01-47A4-81A4-AC2C207FF4F3}"
EndProject
Global
	GlobalSection(SolutionConfigurationPlatforms) = preSolution
		Debug|x64 = Debug|x64
		Debug|x86 = Debug|x86
		Release|x64 = Release|x64
		Release|x86 = Release|x86
	EndGlobalSection
	GlobalSection(ProjectConfigurationPlatforms) = postSolution
		{B2D581F1-9247-41ED-9E9D-45E770A5A52F}.Debug|x64.ActiveCfg = Debug|x64
		{B2D581F1-9247-41ED-9E9D-45E770A5A52F}.Debug|x64.Build.0 = Debug|x64
		{B2D581F1-9247-41ED-9E9D-45E770A5A52F}.Debug|x86.ActiveCfg = Debug|Win32
		{B2D581F1-9247-41ED-9E9D-45E770A5A52F}.Debug|x86.Build.0 = Debug|Win32
		{B2D581F1-9247-41ED-9E9D-45E770A5A52F}.Release|x64.ActiveCfg = Release|x64
		{B2D581F1-9247-41ED-9E9D-45E770A5A52F}.Release|x64.Build.0 = Release|x64
		{B2D581F1-9247-41ED-9E9D-45E770A5A52F}.Release|x86.ActiveCfg = Release|Win32
		{B2D581F1-9247-41ED-9E9D-45E770A5A52F}.Release|x86.Build.0 = Release|Win32
		{105785DE-7F01-47A4-81A4-AC2C207FF4F3}.Debug|x64.ActiveCfg = Debug|x64
		{105785DE-7F01-47A4-81A4-AC2C207FF4F3}.Debug|x64.Build.0 = Debug|x64
		{105785DE-7F01-47A4-81A4-AC2C207FF4F3}.Debug|x86.ActiveCfg = Debug|Win32
		{105785DE-7F01-47A4-81A4-AC2C207FF4F3}.Debug|x86.Build.0 = Debug|Win32
		{105785DE-7F01-47A4-81A4-AC2C207FF4F3}.Release|x64.ActiveCfg = Release|x64
		{105785DE-7F01-47A4-81A4-AC2C207FF4F3}.Release|x64.Build.0 = Release|x64
		{105785DE-7F01-47A4-81A4-AC2C207FF4F3}.Release|x86.ActiveCfg = Release|Win32
		{105785DE-7F01-47A4-81A4-AC2C207FF4F3}.Release|x86.Build.0 = Release|Win32
	EndGlobalSection
	GlobalSection(SolutionProperties) = preSolution
		HideSolutionNode = FALSE
	EndGlobalSection
	GlobalSection(ExtensibilityGlobals) = postSolution
		SolutionGuid = {CA999447-76BA-473D-8ADE-81B6B8217199}
	EndGlobalSection
EndGlobal
