<?xml version="1.0" encoding="utf-8"?>
<Project ToolsVersion="4.0" xmlns="http://schemas.microsoft.com/developer/msbuild/2003">
  <ItemGroup>
    <Filter Include="Sources">
      <UniqueIdentifier>{2b872596-f976-406e-98d1-f520dac59542}</UniqueIdentifier>
    </Filter>
    <Filter Include="Sources\Modules">
      <UniqueIdentifier>{f04588fe-19c1-4d09-ac0c-6b3f0cc21237}</UniqueIdentifier>
    </Filter>
    <Filter Include="Sources\Core">
      <UniqueIdentifier>{05e89fe1-2d35-4304-9354-55a7b785580f}</UniqueIdentifier>
    </Filter>
  </ItemGroup>
  <ItemGroup>
    <ClCompile Include="ModuleGL.cpp">
      <Filter>Sources\Modules</Filter>
    </ClCompile>
    <ClCompile Include="ModuleGUI.cpp">
      <Filter>Sources\Modules</Filter>
    </ClCompile>
    <ClCompile Include="ModuleEvents.cpp">
      <Filter>Sources\Modules</Filter>
    </ClCompile>
    <ClCompile Include="ModuleWindow.cpp">
      <Filter>Sources\Modules</Filter>
    </ClCompile>
    <ClCompile Include="DGameEditor.cpp">
      <Filter>Sources\Core</Filter>
    </ClCompile>
    <ClCompile Include="App.cpp">
      <Filter>Sources\Core</Filter>
    </ClCompile>
    <ClCompile Include="Main.cpp">
      <Filter>Sources\Core</Filter>
    </ClCompile>
  </ItemGroup>
  <ItemGroup>
    <ClInclude Include="ModuleGL.h">
      <Filter>Sources\Modules</Filter>
    </ClInclude>
    <ClInclude Include="ModuleEvents.h">
      <Filter>Sources\Modules</Filter>
    </ClInclude>
    <ClInclude Include="ModuleGUI.h">
      <Filter>Sources\Modules</Filter>
    </ClInclude>
    <ClInclude Include="ModuleWindow.h">
      <Filter>Sources\Modules</Filter>
    </ClInclude>
    <ClInclude Include="EditorGlobals.h">
      <Filter>Sources</Filter>
    </ClInclude>
    <ClInclude Include="Module.h">
      <Filter>Sources\Modules</Filter>
    </ClInclude>
    <ClInclude Include="App.h">
      <Filter>Sources\Core</Filter>
    </ClInclude>
  </ItemGroup>
</Project>