<?xml version="1.0" encoding="utf-8"?>
<Project ToolsVersion="4.0" xmlns="http://schemas.microsoft.com/developer/msbuild/2003">
  <ItemGroup>
    <ClCompile Include="ComponentCamera.cpp">
      <Filter>Source\Object_Clases\GameObject\GO_Component\Components</Filter>
    </ClCompile>
    <ClCompile Include="ComponentMesh.cpp">
      <Filter>Source\Object_Clases\GameObject\GO_Component\Components</Filter>
    </ClCompile>
    <ClCompile Include="ComponentMaterial.cpp">
      <Filter>Source\Object_Clases\GameObject\GO_Component\Components</Filter>
    </ClCompile>
    <ClCompile Include="ComponentTransform.cpp">
      <Filter>Source\Object_Clases\GameObject\GO_Component\Components</Filter>
    </ClCompile>
    <ClCompile Include="DGameEngine.cpp">
      <Filter>Source</Filter>
    </ClCompile>
    <ClCompile Include="GameObject.cpp">
      <Filter>Source\Object_Clases\GameObject</Filter>
    </ClCompile>
    <ClCompile Include="Texture2D.cpp">
      <Filter>Source\Object_Clases</Filter>
    </ClCompile>
    <ClCompile Include="Scene.cpp">
      <Filter>Source\Object_Clases</Filter>
    </ClCompile>
    <ClCompile Include="Mesh.cpp">
      <Filter>Source\Object_Clases</Filter>
    </ClCompile>
    <ClCompile Include="Cube.cpp">
      <Filter>Source\Utils\Imported_Utils</Filter>
    </ClCompile>
    <ClCompile Include="CubeImmediateMode.cpp">
      <Filter>Source\Utils\Imported_Utils</Filter>
    </ClCompile>
  </ItemGroup>
  <ItemGroup>
    <ClInclude Include="Components.h">
      <Filter>Source\Object_Clases\GameObject\GO_Component</Filter>
    </ClInclude>
    <ClInclude Include="ComponentMesh.h">
      <Filter>Source\Object_Clases\GameObject\GO_Component\Components</Filter>
    </ClInclude>
    <ClInclude Include="ComponentMaterial.h">
      <Filter>Source\Object_Clases\GameObject\GO_Component\Components</Filter>
    </ClInclude>
    <ClInclude Include="ComponentCamera.h">
      <Filter>Source\Object_Clases\GameObject\GO_Component\Components</Filter>
    </ClInclude>
    <ClInclude Include="ComponentTransform.h">
      <Filter>Source\Object_Clases\GameObject\GO_Component\Components</Filter>
    </ClInclude>
    <ClInclude Include="DGameEngine.h">
      <Filter>Source</Filter>
    </ClInclude>
    <ClInclude Include="EngineGlobals.h">
      <Filter>Source</Filter>
    </ClInclude>
    <ClInclude Include="GameObject.h">
      <Filter>Source\Object_Clases\GameObject</Filter>
    </ClInclude>
    <ClInclude Include="Loaders.h">
      <Filter>Source\Utils</Filter>
    </ClInclude>
    <ClInclude Include="Texture2D.h">
      <Filter>Source\Object_Clases</Filter>
    </ClInclude>
    <ClInclude Include="Scene.h">
      <Filter>Source\Object_Clases</Filter>
    </ClInclude>
    <ClInclude Include="Mesh.h">
      <Filter>Source\Object_Clases</Filter>
    </ClInclude>
    <ClInclude Include="BBox.hpp">
      <Filter>Source\Utils\Imported_Utils</Filter>
    </ClInclude>
    <ClInclude Include="Cube.h">
      <Filter>Source\Utils\Imported_Utils</Filter>
    </ClInclude>
    <ClInclude Include="CubeImmediateMode.h">
      <Filter>Source\Utils\Imported_Utils</Filter>
    </ClInclude>
    <ClInclude Include="Graphic.h">
      <Filter>Source\Utils\Imported_Utils</Filter>
    </ClInclude>
    <ClInclude Include="resource.h">
      <Filter>Source\Utils\Imported_Utils</Filter>
    </ClInclude>
  </ItemGroup>
  <ItemGroup>
    <ResourceCompile Include="DGameEngine.rc" />
  </ItemGroup>
  <ItemGroup>
    <Filter Include="Source">
      <UniqueIdentifier>{a4eb11a0-706e-403b-89b9-4bc848c1bed5}</UniqueIdentifier>
    </Filter>
    <Filter Include="Source\Utils">
      <UniqueIdentifier>{3ddb2b4f-b291-4903-8ea0-a7740bb4584f}</UniqueIdentifier>
    </Filter>
    <Filter Include="Source\Object_Clases">
      <UniqueIdentifier>{1b5f64a3-1c09-4015-aa4a-bd29e1df83fa}</UniqueIdentifier>
    </Filter>
    <Filter Include="Source\Object_Clases\GameObject">
      <UniqueIdentifier>{8566b277-c89e-4f79-91ab-c995fd33a79b}</UniqueIdentifier>
    </Filter>
    <Filter Include="Source\Object_Clases\GameObject\GO_Component">
      <UniqueIdentifier>{37edd851-0249-4d49-a168-790aac1074ab}</UniqueIdentifier>
    </Filter>
    <Filter Include="Source\Object_Clases\GameObject\GO_Component\Components">
      <UniqueIdentifier>{d3e28e7c-6b79-49c1-a3a5-3becb5594283}</UniqueIdentifier>
    </Filter>
    <Filter Include="Source\Utils\Imported_Utils">
      <UniqueIdentifier>{90894e21-5b69-4b2f-a765-a7a2f2b75f00}</UniqueIdentifier>
    </Filter>
  </ItemGroup>
</Project>