<?xml version="1.0" encoding="utf-8"?>
<Project ToolsVersion="4.0" xmlns="http://schemas.microsoft.com/developer/msbuild/2003">
  <ItemGroup>
    <Filter Include="Source Files">
      <UniqueIdentifier>{4FC737F1-C7A5-4376-A066-2A32D752A2FF}</UniqueIdentifier>
      <Extensions>cpp;c;cc;cxx;c++;cppm;ixx;def;odl;idl;hpj;bat;asm;asmx</Extensions>
    </Filter>
    <Filter Include="Header Files">
      <UniqueIdentifier>{93995380-89BD-4b04-88EB-625FBE52EBFB}</UniqueIdentifier>
      <Extensions>h;hh;hpp;hxx;h++;hm;inl;inc;ipp;xsd</Extensions>
    </Filter>
    <Filter Include="Resource Files">
      <UniqueIdentifier>{67DA6AB6-F800-4c08-8B7A-83BB121AAD01}</UniqueIdentifier>
      <Extensions>rc;ico;cur;bmp;dlg;rc2;rct;bin;rgs;gif;jpg;jpeg;jpe;resx;tiff;tif;png;wav;mfcribbon-ms</Extensions>
    </Filter>
    <Filter Include="Header Files\Components">
      <UniqueIdentifier>{828965de-3eeb-467a-ac5d-3581545ff88f}</UniqueIdentifier>
    </Filter>
    <Filter Include="Source Files\Components">
      <UniqueIdentifier>{e6218658-987a-48dc-b82f-e7e44125a269}</UniqueIdentifier>
    </Filter>
    <Filter Include="Header Files\Container">
      <UniqueIdentifier>{68ecf747-a6ba-4f5c-ae27-7ea244378a2a}</UniqueIdentifier>
    </Filter>
    <Filter Include="Source Files\Container">
      <UniqueIdentifier>{e1ffb654-22b8-4cd7-a174-88d1f9ef7e49}</UniqueIdentifier>
    </Filter>
    <Filter Include="Source Files\Utils">
      <UniqueIdentifier>{3b92d9b1-43ff-4282-ae84-0eaf45084b70}</UniqueIdentifier>
    </Filter>
  </ItemGroup>
  <ItemGroup>
    <ClCompile Include="Camera.cpp">
      <Filter>Source Files</Filter>
    </ClCompile>
    <ClCompile Include="DGameEngine.cpp">
      <Filter>Source Files</Filter>
    </ClCompile>
    <ClCompile Include="Cube.cpp">
      <Filter>Source Files</Filter>
    </ClCompile>
    <ClCompile Include="CubeImmediateMode.cpp">
      <Filter>Source Files</Filter>
    </ClCompile>
    <ClCompile Include="GraphicObject.cpp">
      <Filter>Source Files</Filter>
    </ClCompile>
    <ClCompile Include="GameObject.cpp">
      <Filter>Source Files</Filter>
    </ClCompile>
    <ClCompile Include="ComponentMaterial.cpp">
      <Filter>Source Files\Components</Filter>
    </ClCompile>
    <ClCompile Include="ComponentMesh.cpp">
      <Filter>Source Files\Components</Filter>
    </ClCompile>
    <ClCompile Include="Mesh.cpp">
      <Filter>Source Files\Container</Filter>
    </ClCompile>
    <ClCompile Include="Scene.cpp">
      <Filter>Source Files</Filter>
    </ClCompile>
    <ClCompile Include="Texture2D.cpp">
      <Filter>Source Files\Container</Filter>
    </ClCompile>
    <ClCompile Include="MeshLoader.cpp">
      <Filter>Source Files</Filter>
    </ClCompile>
  </ItemGroup>
  <ItemGroup>
    <ClInclude Include="Camera.h">
      <Filter>Header Files</Filter>
    </ClInclude>
    <ClInclude Include="DGameEngine.h">
      <Filter>Header Files</Filter>
    </ClInclude>
    <ClInclude Include="EngineGlobals.h">
      <Filter>Header Files</Filter>
    </ClInclude>
    <ClInclude Include="Graphic.h">
      <Filter>Header Files</Filter>
    </ClInclude>
    <ClInclude Include="Cube.h">
      <Filter>Header Files</Filter>
    </ClInclude>
    <ClInclude Include="CubeImmediateMode.h">
      <Filter>Header Files</Filter>
    </ClInclude>
    <ClInclude Include="GraphicObject.h">
      <Filter>Header Files</Filter>
    </ClInclude>
    <ClInclude Include="GameObject.h">
      <Filter>Header Files</Filter>
    </ClInclude>
    <ClInclude Include="Scene.h">
      <Filter>Header Files</Filter>
    </ClInclude>
    <ClInclude Include="ComponentMaterial.h">
      <Filter>Header Files\Components</Filter>
    </ClInclude>
    <ClInclude Include="ComponentMesh.h">
      <Filter>Header Files\Components</Filter>
    </ClInclude>
    <ClInclude Include="Components.h">
      <Filter>Header Files\Components</Filter>
    </ClInclude>
    <ClInclude Include="Mesh.h">
      <Filter>Header Files\Container</Filter>
    </ClInclude>
    <ClInclude Include="Texture2D.h">
      <Filter>Header Files\Container</Filter>
    </ClInclude>
    <ClInclude Include="MeshLoader.h">
      <Filter>Header Files</Filter>
    </ClInclude>
    <ClInclude Include="resource.h">
      <Filter>Header Files</Filter>
    </ClInclude>
  </ItemGroup>
  <ItemGroup>
    <ResourceCompile Include="DGameEngine.rc">
      <Filter>Resource Files</Filter>
    </ResourceCompile>
    <ClInclude Include="Loaders.h">
      <Filter>Source Files\Utils</Filter>
    </ClInclude>
  </ItemGroup>
</Project>